
Microsoft Visual Studio Solution File, Format Version 12.00
# Visual Studio Version 17
VisualStudioVersion = 17.2.32630.192
MinimumVisualStudioVersion = 10.0.40219.1
Project("{FAE04EC0-301F-11D3-BF4B-00C04F79EFBC}") = "curso.api", "curso.api\curso.api.csproj", "{FF211339-5FDF-415A-8CD1-A3BE1FA297AD}"
EndProject
Global
	GlobalSection(SolutionConfigurationPlatforms) = preSolution
		Debug|Any CPU = Debug|Any CPU
		Release|Any CPU = Release|Any CPU
	EndGlobalSection
	GlobalSection(ProjectConfigurationPlatforms) = postSolution
		{FF211339-5FDF-415A-8CD1-A3BE1FA297AD}.Debug|Any CPU.ActiveCfg = Debug|Any CPU
		{FF211339-5FDF-415A-8CD1-A3BE1FA297AD}.Debug|Any CPU.Build.0 = Debug|Any CPU
		{FF211339-5FDF-415A-8CD1-A3BE1FA297AD}.Release|Any CPU.ActiveCfg = Release|Any CPU
		{FF211339-5FDF-415A-8CD1-A3BE1FA297AD}.Release|Any CPU.Build.0 = Release|Any CPU
	EndGlobalSection
	GlobalSection(SolutionProperties) = preSolution
		HideSolutionNode = FALSE
	EndGlobalSection
	GlobalSection(ExtensibilityGlobals) = postSolution
		SolutionGuid = {26054B00-AB79-4287-9627-F3C77D806AC9}
	EndGlobalSection
EndGlobal
